// !$*UTF8*$!
{
	archiveVersion = 1;
	classes = {
	};
	objectVersion = 48;
	objects = {

/* Begin PBXBuildFile section */
		9F8E73BB20944825009DF53F /* AppDelegate.swift in Sources */ = {isa = PBXBuildFile; fileRef = 9F8E73BA20944825009DF53F /* AppDelegate.swift */; };
		9F8E73BD20944825009DF53F /* ViewController.swift in Sources */ = {isa = PBXBuildFile; fileRef = 9F8E73BC20944825009DF53F /* ViewController.swift */; };
		9F8E73C020944825009DF53F /* Main.storyboard in Resources */ = {isa = PBXBuildFile; fileRef = 9F8E73BE20944825009DF53F /* Main.storyboard */; };
		9F8E73C320944825009DF53F /* CustomLoader_Swift.xcdatamodeld in Sources */ = {isa = PBXBuildFile; fileRef = 9F8E73C120944825009DF53F /* CustomLoader_Swift.xcdatamodeld */; };
		9F8E73C520944825009DF53F /* Assets.xcassets in Resources */ = {isa = PBXBuildFile; fileRef = 9F8E73C420944825009DF53F /* Assets.xcassets */; };
		9F8E73C820944825009DF53F /* LaunchScreen.storyboard in Resources */ = {isa = PBXBuildFile; fileRef = 9F8E73C620944825009DF53F /* LaunchScreen.storyboard */; };
/* End PBXBuildFile section */

/* Begin PBXFileReference section */
		9F8E73B720944825009DF53F /* CustomLoader_Swift.app */ = {isa = PBXFileReference; explicitFileType = wrapper.application; includeInIndex = 0; path = CustomLoader_Swift.app; sourceTree = BUILT_PRODUCTS_DIR; };
		9F8E73BA20944825009DF53F /* AppDelegate.swift */ = {isa = PBXFileReference; lastKnownFileType = sourcecode.swift; path = AppDelegate.swift; sourceTree = "<group>"; };
		9F8E73BC20944825009DF53F /* ViewController.swift */ = {isa = PBXFileReference; lastKnownFileType = sourcecode.swift; path = ViewController.swift; sourceTree = "<group>"; };
		9F8E73BF20944825009DF53F /* Base */ = {isa = PBXFileReference; lastKnownFileType = file.storyboard; name = Base; path = Base.lproj/Main.storyboard; sourceTree = "<group>"; };
		9F8E73C220944825009DF53F /* CustomLoader_Swift.xcdatamodel */ = {isa = PBXFileReference; lastKnownFileType = wrapper.xcdatamodel; path = CustomLoader_Swift.xcdatamodel; sourceTree = "<group>"; };
		9F8E73C420944825009DF53F /* Assets.xcassets */ = {isa = PBXFileReference; lastKnownFileType = folder.assetcatalog; path = Assets.xcassets; sourceTree = "<group>"; };
		9F8E73C720944825009DF53F /* Base */ = {isa = PBXFileReference; lastKnownFileType = file.storyboard; name = Base; path = Base.lproj/LaunchScreen.storyboard; sourceTree = "<group>"; };
		9F8E73C920944825009DF53F /* Info.plist */ = {isa = PBXFileReference; lastKnownFileType = text.plist.xml; path = Info.plist; sourceTree = "<group>"; };
/* End PBXFileReference section */

/* Begin PBXFrameworksBuildPhase section */
		9F8E73B420944825009DF53F /* Frameworks */ = {
			isa = PBXFrameworksBuildPhase;
			buildActionMask = 2147483647;
			files = (
			);
			runOnlyForDeploymentPostprocessing = 0;
		};
/* End PBXFrameworksBuildPhase section */

/* Begin PBXGroup section */
		9F8E73AE20944825009DF53F = {
			isa = PBXGroup;
			children = (
				9F8E73B920944825009DF53F /* CustomLoader_Swift */,
				9F8E73B820944825009DF53F /* Products */,
			);
			sourceTree = "<group>";
		};
		9F8E73B820944825009DF53F /* Products */ = {
			isa = PBXGroup;
			children = (
				9F8E73B720944825009DF53F /* CustomLoader_Swift.app */,
			);
			name = Products;
			sourceTree = "<group>";
		};
		9F8E73B920944825009DF53F /* CustomLoader_Swift */ = {
			isa = PBXGroup;
			children = (
				9F8E73BA20944825009DF53F /* AppDelegate.swift */,
				9F8E73BC20944825009DF53F /* ViewController.swift */,
				9F8E73BE20944825009DF53F /* Main.storyboard */,
				9F8E73C420944825009DF53F /* Assets.xcassets */,
				9F8E73C620944825009DF53F /* LaunchScreen.storyboard */,
				9F8E73C920944825009DF53F /* Info.plist */,
				9F8E73C120944825009DF53F /* CustomLoader_Swift.xcdatamodeld */,
			);
			path = CustomLoader_Swift;
			sourceTree = "<group>";
		};
/* End PBXGroup section */

/* Begin PBXNativeTarget section */
		9F8E73B620944825009DF53F /* CustomLoader_Swift */ = {
			isa = PBXNativeTarget;
			buildConfigurationList = 9F8E73CC20944825009DF53F /* Build configuration list for PBXNativeTarget "CustomLoader_Swift" */;
			buildPhases = (
				9F8E73B320944825009DF53F /* Sources */,
				9F8E73B420944825009DF53F /* Frameworks */,
				9F8E73B520944825009DF53F /* Resources */,
			);
			buildRules = (
			);
			dependencies = (
			);
			name = CustomLoader_Swift;
			productName = CustomLoader_Swift;
			productReference = 9F8E73B720944825009DF53F /* CustomLoader_Swift.app */;
			productType = "com.apple.product-type.application";
		};
/* End PBXNativeTarget section */

/* Begin PBXProject section */
		9F8E73AF20944825009DF53F /* Project object */ = {
			isa = PBXProject;
			attributes = {
				LastSwiftUpdateCheck = 0920;
				LastUpgradeCheck = 0920;
				ORGANIZATIONNAME = "White Orange Software";
				TargetAttributes = {
					9F8E73B620944825009DF53F = {
						CreatedOnToolsVersion = 9.2;
						ProvisioningStyle = Automatic;
					};
				};
			};
			buildConfigurationList = 9F8E73B220944825009DF53F /* Build configuration list for PBXProject "CustomLoader_Swift" */;
			compatibilityVersion = "Xcode 8.0";
			developmentRegion = en;
			hasScannedForEncodings = 0;
			knownRegions = (
				en,
				Base,
			);
			mainGroup = 9F8E73AE20944825009DF53F;
			productRefGroup = 9F8E73B820944825009DF53F /* Products */;
			projectDirPath = "";
			projectRoot = "";
			targets = (
				9F8E73B620944825009DF53F /* CustomLoader_Swift */,
			);
		};
/* End PBXProject section */

/* Begin PBXResourcesBuildPhase section */
		9F8E73B520944825009DF53F /* Resources */ = {
			isa = PBXResourcesBuildPhase;
			buildActionMask = 2147483647;
			files = (
				9F8E73C820944825009DF53F /* LaunchScreen.storyboard in Resources */,
				9F8E73C520944825009DF53F /* Assets.xcassets in Resources */,
				9F8E73C020944825009DF53F /* Main.storyboard in Resources */,
			);
			runOnlyForDeploymentPostprocessing = 0;
		};
/* End PBXResourcesBuildPhase section */

/* Begin PBXSourcesBuildPhase section */
		9F8E73B320944825009DF53F /* Sources */ = {
			isa = PBXSourcesBuildPhase;
			buildActionMask = 2147483647;
			files = (
				9F8E73C320944825009DF53F /* CustomLoader_Swift.xcdatamodeld in Sources */,
				9F8E73BD20944825009DF53F /* ViewController.swift in Sources */,
				9F8E73BB20944825009DF53F /* AppDelegate.swift in Sources */,
			);
			runOnlyForDeploymentPostprocessing = 0;
		};
/* End PBXSourcesBuildPhase section */

/* Begin PBXVariantGroup section */
		9F8E73BE20944825009DF53F /* Main.storyboard */ = {
			isa = PBXVariantGroup;
			children = (
				9F8E73BF20944825009DF53F /* Base */,
			);
			name = Main.storyboard;
			sourceTree = "<group>";
		};
		9F8E73C620944825009DF53F /* LaunchScreen.storyboard */ = {
			isa = PBXVariantGroup;
			children = (
				9F8E73C720944825009DF53F /* Base */,
			);
			name = LaunchScreen.storyboard;
			sourceTree = "<group>";
		};
/* End PBXVariantGroup section */

/* Begin XCBuildConfiguration section */
		9F8E73CA20944825009DF53F /* Debug */ = {
			isa = XCBuildConfiguration;
			buildSettings = {
				ALWAYS_SEARCH_USER_PATHS = NO;
				CLANG_ANALYZER_NONNULL = YES;
				CLANG_ANALYZER_NUMBER_OBJECT_CONVERSION = YES_AGGRESSIVE;
				CLANG_CXX_LANGUAGE_STANDARD = "gnu++14";
				CLANG_CXX_LIBRARY = "libc++";
				CLANG_ENABLE_MODULES = YES;
				CLANG_ENABLE_OBJC_ARC = YES;
				CLANG_WARN_BLOCK_CAPTURE_AUTORELEASING = YES;
				CLANG_WARN_BOOL_CONVERSION = YES;
				CLANG_WARN_COMMA = YES;
				CLANG_WARN_CONSTANT_CONVERSION = YES;
				CLANG_WARN_DIRECT_OBJC_ISA_USAGE = YES_ERROR;
				CLANG_WARN_DOCUMENTATION_COMMENTS = YES;
				CLANG_WARN_EMPTY_BODY = YES;
				CLANG_WARN_ENUM_CONVERSION = YES;
				CLANG_WARN_INFINITE_RECURSION = YES;
				CLANG_WARN_INT_CONVERSION = YES;
				CLANG_WARN_NON_LITERAL_NULL_CONVERSION = YES;
				CLANG_WARN_OBJC_LITERAL_CONVERSION = YES;
				CLANG_WARN_OBJC_ROOT_CLASS = YES_ERROR;
				CLANG_WARN_RANGE_LOOP_ANALYSIS = YES;
				CLANG_WARN_STRICT_PROTOTYPES = YES;
				CLANG_WARN_SUSPICIOUS_MOVE = YES;
				CLANG_WARN_UNGUARDED_AVAILABILITY = YES_AGGRESSIVE;
				CLANG_WARN_UNREACHABLE_CODE = YES;
				CLANG_WARN__DUPLICATE_METHOD_MATCH = YES;
				CODE_SIGN_IDENTITY = "iPhone Developer";
				COPY_PHASE_STRIP = NO;
				DEBUG_INFORMATION_FORMAT = dwarf;
				ENABLE_STRICT_OBJC_MSGSEND = YES;
				ENABLE_TESTABILITY = YES;
				GCC_C_LANGUAGE_STANDARD = gnu11;
				GCC_DYNAMIC_NO_PIC = NO;
				GCC_NO_COMMON_BLOCKS = YES;
				GCC_OPTIMIZATION_LEVEL = 0;
				GCC_PREPROCESSOR_DEFINITIONS = (
					"DEBUG=1",
					"$(inherited)",
				);
				GCC_WARN_64_TO_32_BIT_CONVERSION = YES;
				GCC_WARN_ABOUT_RETURN_TYPE = YES_ERROR;
				GCC_WARN_UNDECLARED_SELECTOR = YES;
				GCC_WARN_UNINITIALIZED_AUTOS = YES_AGGRESSIVE;
				GCC_WARN_UNUSED_FUNCTION = YES;
				GCC_WARN_UNUSED_VARIABLE = YES;
				IPHONEOS_DEPLOYMENT_TARGET = 11.2;
				MTL_ENABLE_DEBUG_INFO = YES;
				ONLY_ACTIVE_ARCH = YES;
				SDKROOT = iphoneos;
				SWIFT_ACTIVE_COMPILATION_CONDITIONS = DEBUG;
				SWIFT_OPTIMIZATION_LEVEL = "-Onone";
			};
			name = Debug;
		};
		9F8E73CB20944825009DF53F /* Release */ = {
			isa = XCBuildConfiguration;
			buildSettings = {
				ALWAYS_SEARCH_USER_PATHS = NO;
				CLANG_ANALYZER_NONNULL = YES;
				CLANG_ANALYZER_NUMBER_OBJECT_CONVERSION = YES_AGGRESSIVE;
				CLANG_CXX_LANGUAGE_STANDARD = "gnu++14";
				CLANG_CXX_LIBRARY = "libc++";
				CLANG_ENABLE_MODULES = YES;
				CLANG_ENABLE_OBJC_ARC = YES;
				CLANG_WARN_BLOCK_CAPTURE_AUTORELEASING = YES;
				CLANG_WARN_BOOL_CONVERSION = YES;
				CLANG_WARN_COMMA = YES;
				CLANG_WARN_CONSTANT_CONVERSION = YES;
				CLANG_WARN_DIRECT_OBJC_ISA_USAGE = YES_ERROR;
				CLANG_WARN_DOCUMENTATION_COMMENTS = YES;
				CLANG_WARN_EMPTY_BODY = YES;
				CLANG_WARN_ENUM_CONVERSION = YES;
				CLANG_WARN_INFINITE_RECURSION = YES;
				CLANG_WARN_INT_CONVERSION = YES;
				CLANG_WARN_NON_LITERAL_NULL_CONVERSION = YES;
				CLANG_WARN_OBJC_LITERAL_CONVERSION = YES;
				CLANG_WARN_OBJC_ROOT_CLASS = YES_ERROR;
				CLANG_WARN_RANGE_LOOP_ANALYSIS = YES;
				CLANG_WARN_STRICT_PROTOTYPES = YES;
				CLANG_WARN_SUSPICIOUS_MOVE = YES;
				CLANG_WARN_UNGUARDED_AVAILABILITY = YES_AGGRESSIVE;
				CLANG_WARN_UNREACHABLE_CODE = YES;
				CLANG_WARN__DUPLICATE_METHOD_MATCH = YES;
				CODE_SIGN_IDENTITY = "iPhone Developer";
				COPY_PHASE_STRIP = NO;
				DEBUG_INFORMATION_FORMAT = "dwarf-with-dsym";
				ENABLE_NS_ASSERTIONS = NO;
				ENABLE_STRICT_OBJC_MSGSEND = YES;
				GCC_C_LANGUAGE_STANDARD = gnu11;
				GCC_NO_COMMON_BLOCKS = YES;
				GCC_WARN_64_TO_32_BIT_CONVERSION = YES;
				GCC_WARN_ABOUT_RETURN_TYPE = YES_ERROR;
				GCC_WARN_UNDECLARED_SELECTOR = YES;
				GCC_WARN_UNINITIALIZED_AUTOS = YES_AGGRESSIVE;
				GCC_WARN_UNUSED_FUNCTION = YES;
				GCC_WARN_UNUSED_VARIABLE = YES;
				IPHONEOS_DEPLOYMENT_TARGET = 11.2;
				MTL_ENABLE_DEBUG_INFO = NO;
				SDKROOT = iphoneos;
				SWIFT_OPTIMIZATION_LEVEL = "-Owholemodule";
				VALIDATE_PRODUCT = YES;
			};
			name = Release;
		};
		9F8E73CD20944825009DF53F /* Debug */ = {
			isa = XCBuildConfiguration;
			buildSettings = {
				ASSETCATALOG_COMPILER_APPICON_NAME = AppIcon;
				CODE_SIGN_STYLE = Automatic;
				DEVELOPMENT_TEAM = 228777C638;
				INFOPLIST_FILE = CustomLoader_Swift/Info.plist;
				LD_RUNPATH_SEARCH_PATHS = "$(inherited) @executable_path/Frameworks";
				PRODUCT_BUNDLE_IDENTIFIER = "WOS.CustomLoader-Swift";
				PRODUCT_NAME = "$(TARGET_NAME)";
				SWIFT_VERSION = 4.0;
				TARGETED_DEVICE_FAMILY = "1,2";
			};
			name = Debug;
		};
		9F8E73CE20944825009DF53F /* Release */ = {
			isa = XCBuildConfiguration;
			buildSettings = {
				ASSETCATALOG_COMPILER_APPICON_NAME = AppIcon;
				CODE_SIGN_STYLE = Automatic;
				DEVELOPMENT_TEAM = 228777C638;
				INFOPLIST_FILE = CustomLoader_Swift/Info.plist;
				LD_RUNPATH_SEARCH_PATHS = "$(inherited) @executable_path/Frameworks";
				PRODUCT_BUNDLE_IDENTIFIER = "WOS.CustomLoader-Swift";
				PRODUCT_NAME = "$(TARGET_NAME)";
				SWIFT_VERSION = 4.0;
				TARGETED_DEVICE_FAMILY = "1,2";
			};
			name = Release;
		};
/* End XCBuildConfiguration section */

/* Begin XCConfigurationList section */
		9F8E73B220944825009DF53F /* Build configuration list for PBXProject "CustomLoader_Swift" */ = {
			isa = XCConfigurationList;
			buildConfigurations = (
				9F8E73CA20944825009DF53F /* Debug */,
				9F8E73CB20944825009DF53F /* Release */,
			);
			defaultConfigurationIsVisible = 0;
			defaultConfigurationName = Release;
		};
		9F8E73CC20944825009DF53F /* Build configuration list for PBXNativeTarget "CustomLoader_Swift" */ = {
			isa = XCConfigurationList;
			buildConfigurations = (
				9F8E73CD20944825009DF53F /* Debug */,
				9F8E73CE20944825009DF53F /* Release */,
			);
			defaultConfigurationIsVisible = 0;
			defaultConfigurationName = Release;
		};
/* End XCConfigurationList section */

/* Begin XCVersionGroup section */
		9F8E73C120944825009DF53F /* CustomLoader_Swift.xcdatamodeld */ = {
			isa = XCVersionGroup;
			children = (
				9F8E73C220944825009DF53F /* CustomLoader_Swift.xcdatamodel */,
			);
			currentVersion = 9F8E73C220944825009DF53F /* CustomLoader_Swift.xcdatamodel */;
			path = CustomLoader_Swift.xcdatamodeld;
			sourceTree = "<group>";
			versionGroupType = wrapper.xcdatamodel;
		};
/* End XCVersionGroup section */
	};
	rootObject = 9F8E73AF20944825009DF53F /* Project object */;
}
